
Microsoft Visual Studio Solution File, Format Version 12.00
# Visual Studio Version 16
VisualStudioVersion = 16.0.29728.190
MinimumVisualStudioVersion = 10.0.40219.1
Project("{8BC9CEB8-8B4A-11D0-8D11-00A0C91BC942}") = "tasks_2_3_4_7", "tasks_2_3_4_7\task_2_3_4_7.vcxproj", "{ECD6698A-08D3-4726-B75C-D3F29828022E}"
EndProject
Project("{8BC9CEB8-8B4A-11D0-8D11-00A0C91BC942}") = "tasks_5_6", "tasks_5_6\tasks_5_6.vcxproj", "{731D81E1-83E9-4D6C-BF23-58B5610B7F8E}"
EndProject
Project("{8BC9CEB8-8B4A-11D0-8D11-00A0C91BC942}") = "containers", "containers\containers.vcxproj", "{A4963FB3-DAF0-4841-845B-1B52853D333D}"
EndProject
Project("{8BC9CEB8-8B4A-11D0-8D11-00A0C91BC942}") = "task_8", "task_8\task_8.vcxproj", "{ED429F8B-E467-42E4-AB71-6E2E0A4FA6CF}"
EndProject
Project("{8BC9CEB8-8B4A-11D0-8D11-00A0C91BC942}") = "task_1", "task_1\task_1.vcxproj", "{0A8385F8-1292-4EEC-A57B-54E3EAB25A5E}"
EndProject
Global
	GlobalSection(SolutionConfigurationPlatforms) = preSolution
		Debug|x64 = Debug|x64
		Debug|x86 = Debug|x86
		Release|x64 = Release|x64
		Release|x86 = Release|x86
	EndGlobalSection
	GlobalSection(ProjectConfigurationPlatforms) = postSolution
		{ECD6698A-08D3-4726-B75C-D3F29828022E}.Debug|x64.ActiveCfg = Debug|x64
		{ECD6698A-08D3-4726-B75C-D3F29828022E}.Debug|x64.Build.0 = Debug|x64
		{ECD6698A-08D3-4726-B75C-D3F29828022E}.Debug|x86.ActiveCfg = Debug|Win32
		{ECD6698A-08D3-4726-B75C-D3F29828022E}.Debug|x86.Build.0 = Debug|Win32
		{ECD6698A-08D3-4726-B75C-D3F29828022E}.Release|x64.ActiveCfg = Release|x64
		{ECD6698A-08D3-4726-B75C-D3F29828022E}.Release|x64.Build.0 = Release|x64
		{ECD6698A-08D3-4726-B75C-D3F29828022E}.Release|x86.ActiveCfg = Release|Win32
		{ECD6698A-08D3-4726-B75C-D3F29828022E}.Release|x86.Build.0 = Release|Win32
		{731D81E1-83E9-4D6C-BF23-58B5610B7F8E}.Debug|x64.ActiveCfg = Debug|x64
		{731D81E1-83E9-4D6C-BF23-58B5610B7F8E}.Debug|x64.Build.0 = Debug|x64
		{731D81E1-83E9-4D6C-BF23-58B5610B7F8E}.Debug|x86.ActiveCfg = Debug|Win32
		{731D81E1-83E9-4D6C-BF23-58B5610B7F8E}.Debug|x86.Build.0 = Debug|Win32
		{731D81E1-83E9-4D6C-BF23-58B5610B7F8E}.Release|x64.ActiveCfg = Release|x64
		{731D81E1-83E9-4D6C-BF23-58B5610B7F8E}.Release|x64.Build.0 = Release|x64
		{731D81E1-83E9-4D6C-BF23-58B5610B7F8E}.Release|x86.ActiveCfg = Release|Win32
		{731D81E1-83E9-4D6C-BF23-58B5610B7F8E}.Release|x86.Build.0 = Release|Win32
		{A4963FB3-DAF0-4841-845B-1B52853D333D}.Debug|x64.ActiveCfg = Debug|x64
		{A4963FB3-DAF0-4841-845B-1B52853D333D}.Debug|x64.Build.0 = Debug|x64
		{A4963FB3-DAF0-4841-845B-1B52853D333D}.Debug|x86.ActiveCfg = Debug|Win32
		{A4963FB3-DAF0-4841-845B-1B52853D333D}.Debug|x86.Build.0 = Debug|Win32
		{A4963FB3-DAF0-4841-845B-1B52853D333D}.Release|x64.ActiveCfg = Release|x64
		{A4963FB3-DAF0-4841-845B-1B52853D333D}.Release|x64.Build.0 = Release|x64
		{A4963FB3-DAF0-4841-845B-1B52853D333D}.Release|x86.ActiveCfg = Release|Win32
		{A4963FB3-DAF0-4841-845B-1B52853D333D}.Release|x86.Build.0 = Release|Win32
		{ED429F8B-E467-42E4-AB71-6E2E0A4FA6CF}.Debug|x64.ActiveCfg = Debug|x64
		{ED429F8B-E467-42E4-AB71-6E2E0A4FA6CF}.Debug|x64.Build.0 = Debug|x64
		{ED429F8B-E467-42E4-AB71-6E2E0A4FA6CF}.Debug|x86.ActiveCfg = Debug|Win32
		{ED429F8B-E467-42E4-AB71-6E2E0A4FA6CF}.Debug|x86.Build.0 = Debug|Win32
		{ED429F8B-E467-42E4-AB71-6E2E0A4FA6CF}.Release|x64.ActiveCfg = Release|x64
		{ED429F8B-E467-42E4-AB71-6E2E0A4FA6CF}.Release|x64.Build.0 = Release|x64
		{ED429F8B-E467-42E4-AB71-6E2E0A4FA6CF}.Release|x86.ActiveCfg = Release|Win32
		{ED429F8B-E467-42E4-AB71-6E2E0A4FA6CF}.Release|x86.Build.0 = Release|Win32
		{0A8385F8-1292-4EEC-A57B-54E3EAB25A5E}.Debug|x64.ActiveCfg = Debug|x64
		{0A8385F8-1292-4EEC-A57B-54E3EAB25A5E}.Debug|x64.Build.0 = Debug|x64
		{0A8385F8-1292-4EEC-A57B-54E3EAB25A5E}.Debug|x86.ActiveCfg = Debug|Win32
		{0A8385F8-1292-4EEC-A57B-54E3EAB25A5E}.Debug|x86.Build.0 = Debug|Win32
		{0A8385F8-1292-4EEC-A57B-54E3EAB25A5E}.Release|x64.ActiveCfg = Release|x64
		{0A8385F8-1292-4EEC-A57B-54E3EAB25A5E}.Release|x64.Build.0 = Release|x64
		{0A8385F8-1292-4EEC-A57B-54E3EAB25A5E}.Release|x86.ActiveCfg = Release|Win32
		{0A8385F8-1292-4EEC-A57B-54E3EAB25A5E}.Release|x86.Build.0 = Release|Win32
	EndGlobalSection
	GlobalSection(SolutionProperties) = preSolution
		HideSolutionNode = FALSE
	EndGlobalSection
	GlobalSection(ExtensibilityGlobals) = postSolution
		SolutionGuid = {606796EC-BB5F-44A5-87E2-2313CBAB81FD}
	EndGlobalSection
EndGlobal
